
Microsoft Visual Studio Solution File, Format Version 12.00
# Visual Studio 15
VisualStudioVersion = 15.0.27703.2035
MinimumVisualStudioVersion = 10.0.40219.1
Project("{FAE04EC0-301F-11D3-BF4B-00C04F79EFBC}") = "NumberUtility", "NumberUtility\NumberUtility.csproj", "{51A95CFB-1EC8-49A9-BDCA-68FB897E6E33}"
EndProject
Global
	GlobalSection(SolutionConfigurationPlatforms) = preSolution
		Debug|Any CPU = Debug|Any CPU
		Release|Any CPU = Release|Any CPU
	EndGlobalSection
	GlobalSection(ProjectConfigurationPlatforms) = postSolution
		{51A95CFB-1EC8-49A9-BDCA-68FB897E6E33}.Debug|Any CPU.ActiveCfg = Debug|Any CPU
		{51A95CFB-1EC8-49A9-BDCA-68FB897E6E33}.Debug|Any CPU.Build.0 = Debug|Any CPU
		{51A95CFB-1EC8-49A9-BDCA-68FB897E6E33}.Release|Any CPU.ActiveCfg = Release|Any CPU
		{51A95CFB-1EC8-49A9-BDCA-68FB897E6E33}.Release|Any CPU.Build.0 = Release|Any CPU
	EndGlobalSection
	GlobalSection(SolutionProperties) = preSolution
		HideSolutionNode = FALSE
	EndGlobalSection
	GlobalSection(ExtensibilityGlobals) = postSolution
		SolutionGuid = {98538023-DB87-42F8-845F-C0F05A3E3D37}
	EndGlobalSection
EndGlobal
